{
    "name": "test-2.0",
    "version": "1.0.0",
    "lockfileVersion": 3,
    "requires": true,
    "packages": {
        "": {
            "name": "test-2.0",
            "version": "1.0.0",
            "license": "ISC",
            "dependencies": {
                "@solana-program/compute-budget": "^0.6.0",
                "@solana-program/system": "^0.6.1",
                "@solana/web3.js": "^2.0.0-rc.4",
                "typescript": "^5.6.3"
            },
            "devDependencies": {
                "@types/bn.js": "^5.1.0",
                "ts-node": "^10.7.0"
            }
        },
        "node_modules/@cspotcode/source-map-support": {
            "version": "0.8.1",
            "resolved": "https://registry.npmjs.org/@cspotcode/source-map-support/-/source-map-support-0.8.1.tgz",
            "integrity": "sha512-IchNf6dN4tHoMFIn/7OE8LWZ19Y6q/67Bmf6vnGREv8RSbBVb9LPJxEcnwrcwX6ixSvaiGoomAUvu4YSxXrVgw==",
            "dev": true,
            "license": "MIT",
            "dependencies": {
                "@jridgewell/trace-mapping": "0.3.9"
            },
            "engines": {
                "node": ">=12"
            }
        },
        "node_modules/@jridgewell/resolve-uri": {
            "version": "3.1.2",
            "resolved": "https://registry.npmjs.org/@jridgewell/resolve-uri/-/resolve-uri-3.1.2.tgz",
            "integrity": "sha512-bRISgCIjP20/tbWSPWMEi54QVPRZExkuD9lJL+UIxUKtwVJA8wW1Trb1jMs1RFXo1CBTNZ/5hpC9QvmKWdopKw==",
            "dev": true,
            "license": "MIT",
            "engines": {
                "node": ">=6.0.0"
            }
        },
        "node_modules/@jridgewell/sourcemap-codec": {
            "version": "1.5.0",
            "resolved": "https://registry.npmjs.org/@jridgewell/sourcemap-codec/-/sourcemap-codec-1.5.0.tgz",
            "integrity": "sha512-gv3ZRaISU3fjPAgNsriBRqGWQL6quFx04YMPW/zD8XMLsU32mhCCbfbO6KZFLjvYpCZ8zyDEgqsgf+PwPaM7GQ==",
            "dev": true,
            "license": "MIT"
        },
        "node_modules/@jridgewell/trace-mapping": {
            "version": "0.3.9",
            "resolved": "https://registry.npmjs.org/@jridgewell/trace-mapping/-/trace-mapping-0.3.9.tgz",
            "integrity": "sha512-3Belt6tdc8bPgAtbcmdtNJlirVoTmEb5e2gC94PnkwEW9jI6CAHUeoG85tjWP5WquqfavoMtMwiG4P926ZKKuQ==",
            "dev": true,
            "license": "MIT",
            "dependencies": {
                "@jridgewell/resolve-uri": "^3.0.3",
                "@jridgewell/sourcemap-codec": "^1.4.10"
            }
        },
        "node_modules/@solana-program/compute-budget": {
            "version": "0.6.0",
            "resolved": "https://registry.npmjs.org/@solana-program/compute-budget/-/compute-budget-0.6.0.tgz",
            "integrity": "sha512-x8XSMGMDB5z/GhhncuJ9G/ys4PY/9qtFW5zkegfoeyAsjIa9vNAsbx0zl7ZdbFukWyAKIxroRnNa6XEipVN99w==",
            "license": "Apache-2.0",
            "peerDependencies": {
                "@solana/web3.js": "2.0.0-rc.4"
            }
        },
        "node_modules/@solana-program/system": {
            "version": "0.6.1",
            "resolved": "https://registry.npmjs.org/@solana-program/system/-/system-0.6.1.tgz",
            "integrity": "sha512-vfBzveKp13gUL4M8p7wIFamPTT0aPJycUat6GcJGJRopfDX/pB8DHIURKiqFw3UGt7PJ6+koM2uWyESAifjZvA==",
            "license": "Apache-2.0",
            "peerDependencies": {
                "@solana/web3.js": "2.0.0-rc.4"
            }
        },
        "node_modules/@solana/accounts": {
            "version": "2.0.0-rc.4",
            "resolved": "https://registry.npmjs.org/@solana/accounts/-/accounts-2.0.0-rc.4.tgz",
            "integrity": "sha512-LRznpCi1v/c+Gfp7/6t/kWDzTRZAPmzyr1Id3uRFsjOqGgeHYtdsK7Jw+9KMmO+PUrHqdRIFISZNMty/T17h4g==",
            "license": "MIT",
            "dependencies": {
                "@solana/addresses": "2.0.0-rc.4",
                "@solana/codecs-core": "2.0.0-rc.4",
                "@solana/codecs-strings": "2.0.0-rc.4",
                "@solana/errors": "2.0.0-rc.4",
                "@solana/rpc-spec": "2.0.0-rc.4",
                "@solana/rpc-types": "2.0.0-rc.4"
            },
            "engines": {
                "node": ">=20.18.0"
            },
            "peerDependencies": {
                "typescript": ">=5"
            }
        },
        "node_modules/@solana/addresses": {
            "version": "2.0.0-rc.4",
            "resolved": "https://registry.npmjs.org/@solana/addresses/-/addresses-2.0.0-rc.4.tgz",
            "integrity": "sha512-AR9g6pZMqCZeH/dShmaqyTQRCgWtZpYPQZYMazA6I5EsrKq1A40Cfxqgb/iMNl/g3vfVunT25UASH3YwBQyL/A==",
            "license": "MIT",
            "dependencies": {
                "@solana/assertions": "2.0.0-rc.4",
                "@solana/codecs-core": "2.0.0-rc.4",
                "@solana/codecs-strings": "2.0.0-rc.4",
                "@solana/errors": "2.0.0-rc.4"
            },
            "engines": {
                "node": ">=20.18.0"
            },
            "peerDependencies": {
                "typescript": ">=5"
            }
        },
        "node_modules/@solana/assertions": {
            "version": "2.0.0-rc.4",
            "resolved": "https://registry.npmjs.org/@solana/assertions/-/assertions-2.0.0-rc.4.tgz",
            "integrity": "sha512-CkTwoysagNAOjWynNzvrS5842/uDhEBjRbmgYRFurbWNLjo62j3eTYJKgTcMml7nc564Y4gObC5lUwWShGMZ/A==",
            "license": "MIT",
            "dependencies": {
                "@solana/errors": "2.0.0-rc.4"
            },
            "engines": {
                "node": ">=20.18.0"
            },
            "peerDependencies": {
                "typescript": ">=5"
            }
        },
        "node_modules/@solana/codecs": {
            "version": "2.0.0-rc.4",
            "resolved": "https://registry.npmjs.org/@solana/codecs/-/codecs-2.0.0-rc.4.tgz",
            "integrity": "sha512-h9GQGYLfBifzLhyZuef5FUaZGxLW7JNLDlEYCErA7x7Ty2ssF98sswsLsWKcbv5Cz1QsW7A6xGv4PCjvIDOCxQ==",
            "license": "MIT",
            "dependencies": {
                "@solana/codecs-core": "2.0.0-rc.4",
                "@solana/codecs-data-structures": "2.0.0-rc.4",
                "@solana/codecs-numbers": "2.0.0-rc.4",
                "@solana/codecs-strings": "2.0.0-rc.4",
                "@solana/options": "2.0.0-rc.4"
            },
            "engines": {
                "node": ">=20.18.0"
            },
            "peerDependencies": {
                "typescript": ">=5"
            }
        },
        "node_modules/@solana/codecs-core": {
            "version": "2.0.0-rc.4",
            "resolved": "https://registry.npmjs.org/@solana/codecs-core/-/codecs-core-2.0.0-rc.4.tgz",
            "integrity": "sha512-JIrTSps032mSE3wBxW3bXOqWfoy4CMy1CX/XeVCijyh5kLVxZTSDIdRTYdePdL1yzaOZF1Xysvt1DhOUgBdM+A==",
            "license": "MIT",
            "dependencies": {
                "@solana/errors": "2.0.0-rc.4"
            },
            "engines": {
                "node": ">=20.18.0"
            },
            "peerDependencies": {
                "typescript": ">=5"
            }
        },
        "node_modules/@solana/codecs-data-structures": {
            "version": "2.0.0-rc.4",
            "resolved": "https://registry.npmjs.org/@solana/codecs-data-structures/-/codecs-data-structures-2.0.0-rc.4.tgz",
            "integrity": "sha512-smF4Z4WCbr3ppoZhhT7/e5XMG6VFSHFPDLsayt4aHUvP1clZAew5uOy0qLY0qdxbttSmfoxXqf2SUFpJw8Jadg==",
            "license": "MIT",
            "dependencies": {
                "@solana/codecs-core": "2.0.0-rc.4",
                "@solana/codecs-numbers": "2.0.0-rc.4",
                "@solana/errors": "2.0.0-rc.4"
            },
            "engines": {
                "node": ">=20.18.0"
            },
            "peerDependencies": {
                "typescript": ">=5"
            }
        },
        "node_modules/@solana/codecs-numbers": {
            "version": "2.0.0-rc.4",
            "resolved": "https://registry.npmjs.org/@solana/codecs-numbers/-/codecs-numbers-2.0.0-rc.4.tgz",
            "integrity": "sha512-ZJR7TaUO65+3Hzo3YOOUCS0wlzh17IW+j0MZC2LCk1R0woaypRpHKj4iSMYeQOZkMxsd9QT3WNvjFrPC2qA6Sw==",
            "license": "MIT",
            "dependencies": {
                "@solana/codecs-core": "2.0.0-rc.4",
                "@solana/errors": "2.0.0-rc.4"
            },
            "engines": {
                "node": ">=20.18.0"
            },
            "peerDependencies": {
                "typescript": ">=5"
            }
        },
        "node_modules/@solana/codecs-strings": {
            "version": "2.0.0-rc.4",
            "resolved": "https://registry.npmjs.org/@solana/codecs-strings/-/codecs-strings-2.0.0-rc.4.tgz",
            "integrity": "sha512-LGfK2RL0BKjYYUfzu2FG/gTgCsYOMz9FKVs2ntji6WneZygPxJTV5W98K3J8Rl0JewpCSCFQH3xjLSHBJUS0fA==",
            "license": "MIT",
            "dependencies": {
                "@solana/codecs-core": "2.0.0-rc.4",
                "@solana/codecs-numbers": "2.0.0-rc.4",
                "@solana/errors": "2.0.0-rc.4"
            },
            "engines": {
                "node": ">=20.18.0"
            },
            "peerDependencies": {
                "fastestsmallesttextencoderdecoder": "^1.0.22",
                "typescript": ">=5"
            }
        },
        "node_modules/@solana/errors": {
            "version": "2.0.0-rc.4",
            "resolved": "https://registry.npmjs.org/@solana/errors/-/errors-2.0.0-rc.4.tgz",
            "integrity": "sha512-0PPaMyB81keEHG/1pnyEuiBVKctbXO641M2w3CIOrYT/wzjunfF0FTxsqq9wYJeYo0AyiefCKGgSPs6wiY2PpQ==",
            "license": "MIT",
            "dependencies": {
                "chalk": "^5.3.0",
                "commander": "^12.1.0"
            },
            "bin": {
                "errors": "bin/cli.mjs"
            },
            "engines": {
                "node": ">=20.18.0"
            },
            "peerDependencies": {
                "typescript": ">=5"
            }
        },
        "node_modules/@solana/fast-stable-stringify": {
            "version": "2.0.0-rc.4",
            "resolved": "https://registry.npmjs.org/@solana/fast-stable-stringify/-/fast-stable-stringify-2.0.0-rc.4.tgz",
            "integrity": "sha512-5N4S+/EGZw0Y6s2aQPNTpiB2yii2oOcrfPKXSkK4ZR2GqZuA6u6BJiJeUelXeB8P24KMxOZXfzCrkBBpEzYt6w==",
            "license": "MIT",
            "engines": {
                "node": ">=20.18.0"
            },
            "peerDependencies": {
                "typescript": ">=5"
            }
        },
        "node_modules/@solana/functional": {
            "version": "2.0.0-rc.4",
            "resolved": "https://registry.npmjs.org/@solana/functional/-/functional-2.0.0-rc.4.tgz",
            "integrity": "sha512-P/rL15Svl4sREO7tqQ6V/E8zPAlIBGBnA0T75gZYGoSY5644rCiEaFoqyMkXc9l563lj1B5vV5UU8FCPkpPwmQ==",
            "license": "MIT",
            "engines": {
                "node": ">=20.18.0"
            },
            "peerDependencies": {
                "typescript": ">=5"
            }
        },
        "node_modules/@solana/instructions": {
            "version": "2.0.0-rc.4",
            "resolved": "https://registry.npmjs.org/@solana/instructions/-/instructions-2.0.0-rc.4.tgz",
            "integrity": "sha512-k4KcNfrWQX5Zhij9mn6d10MnHEP4YD9qsG8SQHWTELbyoZt3UjzfzG2aY88ao3VDWz3S9JbFIzA11wjJ0TYFxg==",
            "license": "MIT",
            "dependencies": {
                "@solana/errors": "2.0.0-rc.4"
            },
            "engines": {
                "node": ">=20.18.0"
            },
            "peerDependencies": {
                "typescript": ">=5"
            }
        },
        "node_modules/@solana/keys": {
            "version": "2.0.0-rc.4",
            "resolved": "https://registry.npmjs.org/@solana/keys/-/keys-2.0.0-rc.4.tgz",
            "integrity": "sha512-EcepAutaXVwiW0bQZMv2gSUd+gjxL8FrqzX+BeqkfNNe1c4GxtLHOlASOXhPEH/3iGEaz6mfV6Bn5KkctWOeEA==",
            "license": "MIT",
            "dependencies": {
                "@solana/assertions": "2.0.0-rc.4",
                "@solana/codecs-core": "2.0.0-rc.4",
                "@solana/codecs-strings": "2.0.0-rc.4",
                "@solana/errors": "2.0.0-rc.4"
            },
            "engines": {
                "node": ">=20.18.0"
            },
            "peerDependencies": {
                "typescript": ">=5"
            }
        },
        "node_modules/@solana/options": {
            "version": "2.0.0-rc.4",
            "resolved": "https://registry.npmjs.org/@solana/options/-/options-2.0.0-rc.4.tgz",
            "integrity": "sha512-5W8aswMBhcdv2pD5lHLdHIZ98ymhQNBmeFncEoVZLTrshf7KqyxZ8xtILcWNCUgOev1+yp9hMTNV9SEgrgyNrQ==",
            "license": "MIT",
            "dependencies": {
                "@solana/codecs-core": "2.0.0-rc.4",
                "@solana/codecs-data-structures": "2.0.0-rc.4",
                "@solana/codecs-numbers": "2.0.0-rc.4",
                "@solana/codecs-strings": "2.0.0-rc.4",
                "@solana/errors": "2.0.0-rc.4"
            },
            "engines": {
                "node": ">=20.18.0"
            },
            "peerDependencies": {
                "typescript": ">=5"
            }
        },
        "node_modules/@solana/programs": {
            "version": "2.0.0-rc.4",
            "resolved": "https://registry.npmjs.org/@solana/programs/-/programs-2.0.0-rc.4.tgz",
            "integrity": "sha512-aIspYII4+EdOtK2EZaTSYNVxSzn0R1b9Lir7S+PftmzVMLOP3R5MhVb5IJcZRByJngfW227CyKQXh34fg2wWOg==",
            "license": "MIT",
            "dependencies": {
                "@solana/addresses": "2.0.0-rc.4",
                "@solana/errors": "2.0.0-rc.4"
            },
            "engines": {
                "node": ">=20.18.0"
            },
            "peerDependencies": {
                "typescript": ">=5"
            }
        },
        "node_modules/@solana/promises": {
            "version": "2.0.0-rc.4",
            "resolved": "https://registry.npmjs.org/@solana/promises/-/promises-2.0.0-rc.4.tgz",
            "integrity": "sha512-NIY7rdtpw+le0P2vgXigJiGI54fE/bLpyiIKHfyYyjyTzCph8TmoHPX2Y/mmkmlri54tu5BM/X0UbIoXVi2dpw==",
            "license": "MIT",
            "engines": {
                "node": ">=20.18.0"
            },
            "peerDependencies": {
                "typescript": ">=5"
            }
        },
        "node_modules/@solana/rpc": {
            "version": "2.0.0-rc.4",
            "resolved": "https://registry.npmjs.org/@solana/rpc/-/rpc-2.0.0-rc.4.tgz",
            "integrity": "sha512-YqQPf1raKUdle6iiEPQavaCdXCaX2XxHJIeZQ93lTvwuntoQUK8yAbT4go6eYQRwgL2SnR/0C4p5fnv8f/vR/A==",
            "license": "MIT",
            "dependencies": {
                "@solana/errors": "2.0.0-rc.4",
                "@solana/fast-stable-stringify": "2.0.0-rc.4",
                "@solana/functional": "2.0.0-rc.4",
                "@solana/rpc-api": "2.0.0-rc.4",
                "@solana/rpc-spec": "2.0.0-rc.4",
                "@solana/rpc-spec-types": "2.0.0-rc.4",
                "@solana/rpc-transformers": "2.0.0-rc.4",
                "@solana/rpc-transport-http": "2.0.0-rc.4",
                "@solana/rpc-types": "2.0.0-rc.4"
            },
            "engines": {
                "node": ">=20.18.0"
            },
            "peerDependencies": {
                "typescript": ">=5"
            }
        },
        "node_modules/@solana/rpc-api": {
            "version": "2.0.0-rc.4",
            "resolved": "https://registry.npmjs.org/@solana/rpc-api/-/rpc-api-2.0.0-rc.4.tgz",
            "integrity": "sha512-z6KyTvVd0WkXb8WhuLAF3vLstdGl5+FVQTgxu1BbBD94bBEUC8Zg7sZuT0AS/Qdgo4Bt/oNcgXsD2DbFmb0HpQ==",
            "license": "MIT",
            "dependencies": {
                "@solana/addresses": "2.0.0-rc.4",
                "@solana/codecs-core": "2.0.0-rc.4",
                "@solana/codecs-strings": "2.0.0-rc.4",
                "@solana/errors": "2.0.0-rc.4",
                "@solana/keys": "2.0.0-rc.4",
                "@solana/rpc-parsed-types": "2.0.0-rc.4",
                "@solana/rpc-spec": "2.0.0-rc.4",
                "@solana/rpc-transformers": "2.0.0-rc.4",
                "@solana/rpc-types": "2.0.0-rc.4",
                "@solana/transaction-messages": "2.0.0-rc.4",
                "@solana/transactions": "2.0.0-rc.4"
            },
            "engines": {
                "node": ">=20.18.0"
            },
            "peerDependencies": {
                "typescript": ">=5"
            }
        },
        "node_modules/@solana/rpc-parsed-types": {
            "version": "2.0.0-rc.4",
            "resolved": "https://registry.npmjs.org/@solana/rpc-parsed-types/-/rpc-parsed-types-2.0.0-rc.4.tgz",
            "integrity": "sha512-UvNcfi5S6WI54/t7TFi1sgdvl9wFLnk7Rmwsuq/UksAx9FuN+bdZvywkXYioh5PkcZxaDTaupnNoGRPDFxW87g==",
            "license": "MIT",
            "engines": {
                "node": ">=20.18.0"
            },
            "peerDependencies": {
                "typescript": ">=5"
            }
        },
        "node_modules/@solana/rpc-spec": {
            "version": "2.0.0-rc.4",
            "resolved": "https://registry.npmjs.org/@solana/rpc-spec/-/rpc-spec-2.0.0-rc.4.tgz",
            "integrity": "sha512-SuME1MDYwotEDCBh0gKV50Zp2IJE/gEZc04MZBgEtEsyqB8mg9DL7PRSANJhGtx7b5gX31xw5sJmGlPHp/oUEA==",
            "license": "MIT",
            "dependencies": {
                "@solana/errors": "2.0.0-rc.4",
                "@solana/rpc-spec-types": "2.0.0-rc.4"
            },
            "engines": {
                "node": ">=20.18.0"
            },
            "peerDependencies": {
                "typescript": ">=5"
            }
        },
        "node_modules/@solana/rpc-spec-types": {
            "version": "2.0.0-rc.4",
            "resolved": "https://registry.npmjs.org/@solana/rpc-spec-types/-/rpc-spec-types-2.0.0-rc.4.tgz",
            "integrity": "sha512-xmyh8+xvOcm6OgxFzHNLNWs8zSjV1xOFrTtE4g44QArmzEYylzoP9bFBUEoaZvBG9ACAvT2scvwhUEREFXRAWg==",
            "license": "MIT",
            "engines": {
                "node": ">=20.18.0"
            },
            "peerDependencies": {
                "typescript": ">=5"
            }
        },
        "node_modules/@solana/rpc-subscriptions": {
            "version": "2.0.0-rc.4",
            "resolved": "https://registry.npmjs.org/@solana/rpc-subscriptions/-/rpc-subscriptions-2.0.0-rc.4.tgz",
            "integrity": "sha512-9fRn2/mr6a+7hknWaqA39lSN2hO1qOIQzaOz7zql5Gj1jKM5yorgqlXBdTuCi6pRn5zni9c4yz8fU6jVJQZnGA==",
            "license": "MIT",
            "dependencies": {
                "@solana/errors": "2.0.0-rc.4",
                "@solana/fast-stable-stringify": "2.0.0-rc.4",
                "@solana/functional": "2.0.0-rc.4",
                "@solana/promises": "2.0.0-rc.4",
                "@solana/rpc-spec-types": "2.0.0-rc.4",
                "@solana/rpc-subscriptions-api": "2.0.0-rc.4",
                "@solana/rpc-subscriptions-channel-websocket": "2.0.0-rc.4",
                "@solana/rpc-subscriptions-spec": "2.0.0-rc.4",
                "@solana/rpc-transformers": "2.0.0-rc.4",
                "@solana/rpc-types": "2.0.0-rc.4",
                "@solana/subscribable": "2.0.0-rc.4"
            },
            "engines": {
                "node": ">=20.18.0"
            },
            "peerDependencies": {
                "typescript": ">=5"
            }
        },
        "node_modules/@solana/rpc-subscriptions-api": {
            "version": "2.0.0-rc.4",
            "resolved": "https://registry.npmjs.org/@solana/rpc-subscriptions-api/-/rpc-subscriptions-api-2.0.0-rc.4.tgz",
            "integrity": "sha512-4TOOlYGIOqKI3vBRjQz8dZYKjExQhBUDrO1USOUm/s6GAMkNY5TVmlqvQxzo7BlsJu8f7cpK8RrQap/Ej9jHOQ==",
            "license": "MIT",
            "dependencies": {
                "@solana/addresses": "2.0.0-rc.4",
                "@solana/keys": "2.0.0-rc.4",
                "@solana/rpc-subscriptions-spec": "2.0.0-rc.4",
                "@solana/rpc-transformers": "2.0.0-rc.4",
                "@solana/rpc-types": "2.0.0-rc.4",
                "@solana/transaction-messages": "2.0.0-rc.4",
                "@solana/transactions": "2.0.0-rc.4"
            },
            "engines": {
                "node": ">=20.18.0"
            },
            "peerDependencies": {
                "typescript": ">=5"
            }
        },
        "node_modules/@solana/rpc-subscriptions-channel-websocket": {
            "version": "2.0.0-rc.4",
            "resolved": "https://registry.npmjs.org/@solana/rpc-subscriptions-channel-websocket/-/rpc-subscriptions-channel-websocket-2.0.0-rc.4.tgz",
            "integrity": "sha512-Rj8vb+f5gXrJ2KBA1+gJ1eXnjawG2vNtuL/WWd/CD1xEzmBV9oFXbzcGG7tTLsQWSM9+BcgiMGhhKg5DCnpWcQ==",
            "license": "MIT",
            "dependencies": {
                "@solana/errors": "2.0.0-rc.4",
                "@solana/functional": "2.0.0-rc.4",
                "@solana/rpc-subscriptions-spec": "2.0.0-rc.4",
                "@solana/subscribable": "2.0.0-rc.4"
            },
            "engines": {
                "node": ">=20.18.0"
            },
            "peerDependencies": {
                "typescript": ">=5",
                "ws": "^8.18.0"
            }
        },
        "node_modules/@solana/rpc-subscriptions-spec": {
            "version": "2.0.0-rc.4",
            "resolved": "https://registry.npmjs.org/@solana/rpc-subscriptions-spec/-/rpc-subscriptions-spec-2.0.0-rc.4.tgz",
            "integrity": "sha512-B0C8TYiErD34YMgdk9fmbzTti8Xo8JFYuF/2acFRD1WPLVE3UrEJSjxrmj7Lv/bO40wHvWrhUtHtzo37s9anAA==",
            "license": "MIT",
            "dependencies": {
                "@solana/errors": "2.0.0-rc.4",
                "@solana/promises": "2.0.0-rc.4",
                "@solana/rpc-spec-types": "2.0.0-rc.4",
                "@solana/subscribable": "2.0.0-rc.4"
            },
            "engines": {
                "node": ">=20.18.0"
            },
            "peerDependencies": {
                "typescript": ">=5"
            }
        },
        "node_modules/@solana/rpc-transformers": {
            "version": "2.0.0-rc.4",
            "resolved": "https://registry.npmjs.org/@solana/rpc-transformers/-/rpc-transformers-2.0.0-rc.4.tgz",
            "integrity": "sha512-KpLkW6V/eAuQvZCdvCCNvcYQvq8XCxwCNmY6Y+ZJYU4EWCdMppGe4p+JJVL6buRRSGrTBW+muLhKKDsZdx/4VQ==",
            "license": "MIT",
            "dependencies": {
                "@solana/errors": "2.0.0-rc.4",
                "@solana/functional": "2.0.0-rc.4",
                "@solana/rpc-spec-types": "2.0.0-rc.4",
                "@solana/rpc-types": "2.0.0-rc.4"
            },
            "engines": {
                "node": ">=20.18.0"
            },
            "peerDependencies": {
                "typescript": ">=5"
            }
        },
        "node_modules/@solana/rpc-transport-http": {
            "version": "2.0.0-rc.4",
            "resolved": "https://registry.npmjs.org/@solana/rpc-transport-http/-/rpc-transport-http-2.0.0-rc.4.tgz",
            "integrity": "sha512-Xu6+uEPYHPF8gAJ6KsmGXqtA02Dbv9mKykf0nazt91YP66k4HYF8PaYLbGSrNR76o4TewdbqFJlipSceMJb86w==",
            "license": "MIT",
            "dependencies": {
                "@solana/errors": "2.0.0-rc.4",
                "@solana/rpc-spec": "2.0.0-rc.4",
                "@solana/rpc-spec-types": "2.0.0-rc.4",
                "undici-types": "^6.20.0"
            },
            "engines": {
                "node": ">=20.18.0"
            },
            "peerDependencies": {
                "typescript": ">=5"
            }
        },
        "node_modules/@solana/rpc-transport-http/node_modules/undici-types": {
            "version": "6.20.0",
            "resolved": "https://registry.npmjs.org/undici-types/-/undici-types-6.20.0.tgz",
            "integrity": "sha512-Ny6QZ2Nju20vw1SRHe3d9jVu6gJ+4e3+MMpqu7pqE5HT6WsTSlce++GQmK5UXS8mzV8DSYHrQH+Xrf2jVcuKNg==",
            "license": "MIT"
        },
        "node_modules/@solana/rpc-types": {
            "version": "2.0.0-rc.4",
            "resolved": "https://registry.npmjs.org/@solana/rpc-types/-/rpc-types-2.0.0-rc.4.tgz",
            "integrity": "sha512-uSWW/VndwYF29gpvKxWo0skTxrsCKl+fYmeJz5mduIULjhr5SFdgchgb4KCcAlUMgFn4HJuwALJVHpUg0Wv10Q==",
            "license": "MIT",
            "dependencies": {
                "@solana/addresses": "2.0.0-rc.4",
                "@solana/codecs-core": "2.0.0-rc.4",
                "@solana/codecs-numbers": "2.0.0-rc.4",
                "@solana/codecs-strings": "2.0.0-rc.4",
                "@solana/errors": "2.0.0-rc.4"
            },
            "engines": {
                "node": ">=20.18.0"
            },
            "peerDependencies": {
                "typescript": ">=5"
            }
        },
        "node_modules/@solana/signers": {
            "version": "2.0.0-rc.4",
            "resolved": "https://registry.npmjs.org/@solana/signers/-/signers-2.0.0-rc.4.tgz",
            "integrity": "sha512-4Wm8BsXkEpiomgmsthOregxIJibL2KIzMp2NbsTQMuzB3HzRv6ATtHoiQACqnsUm0hfTV217lE/GeJdYyqHCIA==",
            "license": "MIT",
            "dependencies": {
                "@solana/addresses": "2.0.0-rc.4",
                "@solana/codecs-core": "2.0.0-rc.4",
                "@solana/errors": "2.0.0-rc.4",
                "@solana/instructions": "2.0.0-rc.4",
                "@solana/keys": "2.0.0-rc.4",
                "@solana/transaction-messages": "2.0.0-rc.4",
                "@solana/transactions": "2.0.0-rc.4"
            },
            "engines": {
                "node": ">=20.18.0"
            },
            "peerDependencies": {
                "typescript": ">=5"
            }
        },
        "node_modules/@solana/subscribable": {
            "version": "2.0.0-rc.4",
            "resolved": "https://registry.npmjs.org/@solana/subscribable/-/subscribable-2.0.0-rc.4.tgz",
            "integrity": "sha512-ZMEL0P/kdpKeqpPI/r/zV0aCqpA2LKzd94DVOSHgDGRFWfvotRl197PInU5rcsFH1VmPsuoFH68SZYV4+2DC9Q==",
            "license": "MIT",
            "dependencies": {
                "@solana/errors": "2.0.0-rc.4"
            },
            "engines": {
                "node": ">=20.18.0"
            },
            "peerDependencies": {
                "typescript": ">=5"
            }
        },
        "node_modules/@solana/sysvars": {
            "version": "2.0.0-rc.4",
            "resolved": "https://registry.npmjs.org/@solana/sysvars/-/sysvars-2.0.0-rc.4.tgz",
            "integrity": "sha512-z4XVv308IQL9RkGDPkACr2GHUrM/czzsXuv1kUscfmZmvmY77RQqaC85UYow0+opghnDpmEEssZRaWjMeVvkYw==",
            "license": "MIT",
            "dependencies": {
                "@solana/accounts": "2.0.0-rc.4",
                "@solana/codecs": "2.0.0-rc.4",
                "@solana/errors": "2.0.0-rc.4",
                "@solana/rpc-types": "2.0.0-rc.4"
            },
            "engines": {
                "node": ">=20.18.0"
            },
            "peerDependencies": {
                "typescript": ">=5"
            }
        },
        "node_modules/@solana/transaction-confirmation": {
            "version": "2.0.0-rc.4",
            "resolved": "https://registry.npmjs.org/@solana/transaction-confirmation/-/transaction-confirmation-2.0.0-rc.4.tgz",
            "integrity": "sha512-ImBMZ+vkMglDECUEr8SFZw+V0Bm5TrCmNUAMqlfOgGO8v8pQUaVql0V9/KjiXu12TUYEcDZqp0PDLQ+D4I8aFg==",
            "license": "MIT",
            "dependencies": {
                "@solana/addresses": "2.0.0-rc.4",
                "@solana/codecs-strings": "2.0.0-rc.4",
                "@solana/errors": "2.0.0-rc.4",
                "@solana/keys": "2.0.0-rc.4",
                "@solana/promises": "2.0.0-rc.4",
                "@solana/rpc": "2.0.0-rc.4",
                "@solana/rpc-subscriptions": "2.0.0-rc.4",
                "@solana/rpc-types": "2.0.0-rc.4",
                "@solana/transaction-messages": "2.0.0-rc.4",
                "@solana/transactions": "2.0.0-rc.4"
            },
            "engines": {
                "node": ">=20.18.0"
            },
            "peerDependencies": {
                "typescript": ">=5"
            }
        },
        "node_modules/@solana/transaction-messages": {
            "version": "2.0.0-rc.4",
            "resolved": "https://registry.npmjs.org/@solana/transaction-messages/-/transaction-messages-2.0.0-rc.4.tgz",
            "integrity": "sha512-zdeNIb6EtD9faVzEEfXm7Td+u5ifNCxF1/QBF6oURxaUcfX7bGXJ/P3VM0wAQ80t5zBQeqm2qzUkfEvf07NllQ==",
            "license": "MIT",
            "dependencies": {
                "@solana/addresses": "2.0.0-rc.4",
                "@solana/codecs-core": "2.0.0-rc.4",
                "@solana/codecs-data-structures": "2.0.0-rc.4",
                "@solana/codecs-numbers": "2.0.0-rc.4",
                "@solana/errors": "2.0.0-rc.4",
                "@solana/functional": "2.0.0-rc.4",
                "@solana/instructions": "2.0.0-rc.4",
                "@solana/rpc-types": "2.0.0-rc.4"
            },
            "engines": {
                "node": ">=20.18.0"
            },
            "peerDependencies": {
                "typescript": ">=5"
            }
        },
        "node_modules/@solana/transactions": {
            "version": "2.0.0-rc.4",
            "resolved": "https://registry.npmjs.org/@solana/transactions/-/transactions-2.0.0-rc.4.tgz",
            "integrity": "sha512-n2TQ59S/SQ+LCyTgOZNXGT9gYMbMj+XeH2eMXFbg6ETs7Bhn0DE1lIfHQCq9m6JQEJ2lgH9NYFU+QDd3LGLUog==",
            "license": "MIT",
            "dependencies": {
                "@solana/addresses": "2.0.0-rc.4",
                "@solana/codecs-core": "2.0.0-rc.4",
                "@solana/codecs-data-structures": "2.0.0-rc.4",
                "@solana/codecs-numbers": "2.0.0-rc.4",
                "@solana/codecs-strings": "2.0.0-rc.4",
                "@solana/errors": "2.0.0-rc.4",
                "@solana/functional": "2.0.0-rc.4",
                "@solana/instructions": "2.0.0-rc.4",
                "@solana/keys": "2.0.0-rc.4",
                "@solana/rpc-types": "2.0.0-rc.4",
                "@solana/transaction-messages": "2.0.0-rc.4"
            },
            "engines": {
                "node": ">=20.18.0"
            },
            "peerDependencies": {
                "typescript": ">=5"
            }
        },
        "node_modules/@solana/web3.js": {
            "version": "2.0.0-rc.4",
            "resolved": "https://registry.npmjs.org/@solana/web3.js/-/web3.js-2.0.0-rc.4.tgz",
            "integrity": "sha512-w1r5MjLd+6roeqMc0Dght4tLco3W9Zdoq56FnSKnbcP7Ji/L6VTdFJttf8vaIAAMDyUH5aH1yLxHrqCIW1kbrw==",
            "license": "MIT",
            "dependencies": {
                "@solana/accounts": "2.0.0-rc.4",
                "@solana/addresses": "2.0.0-rc.4",
                "@solana/codecs": "2.0.0-rc.4",
                "@solana/errors": "2.0.0-rc.4",
                "@solana/functional": "2.0.0-rc.4",
                "@solana/instructions": "2.0.0-rc.4",
                "@solana/keys": "2.0.0-rc.4",
                "@solana/programs": "2.0.0-rc.4",
                "@solana/rpc": "2.0.0-rc.4",
                "@solana/rpc-parsed-types": "2.0.0-rc.4",
                "@solana/rpc-spec-types": "2.0.0-rc.4",
                "@solana/rpc-subscriptions": "2.0.0-rc.4",
                "@solana/rpc-types": "2.0.0-rc.4",
                "@solana/signers": "2.0.0-rc.4",
                "@solana/sysvars": "2.0.0-rc.4",
                "@solana/transaction-confirmation": "2.0.0-rc.4",
                "@solana/transaction-messages": "2.0.0-rc.4",
                "@solana/transactions": "2.0.0-rc.4"
            },
            "engines": {
                "node": ">=20.18.0"
            },
            "peerDependencies": {
                "typescript": ">=5"
            }
        },
        "node_modules/@tsconfig/node10": {
            "version": "1.0.11",
            "resolved": "https://registry.npmjs.org/@tsconfig/node10/-/node10-1.0.11.tgz",
            "integrity": "sha512-DcRjDCujK/kCk/cUe8Xz8ZSpm8mS3mNNpta+jGCA6USEDfktlNvm1+IuZ9eTcDbNk41BHwpHHeW+N1lKCz4zOw==",
            "dev": true,
            "license": "MIT"
        },
        "node_modules/@tsconfig/node12": {
            "version": "1.0.11",
            "resolved": "https://registry.npmjs.org/@tsconfig/node12/-/node12-1.0.11.tgz",
            "integrity": "sha512-cqefuRsh12pWyGsIoBKJA9luFu3mRxCA+ORZvA4ktLSzIuCUtWVxGIuXigEwO5/ywWFMZ2QEGKWvkZG1zDMTag==",
            "dev": true,
            "license": "MIT"
        },
        "node_modules/@tsconfig/node14": {
            "version": "1.0.3",
            "resolved": "https://registry.npmjs.org/@tsconfig/node14/-/node14-1.0.3.tgz",
            "integrity": "sha512-ysT8mhdixWK6Hw3i1V2AeRqZ5WfXg1G43mqoYlM2nc6388Fq5jcXyr5mRsqViLx/GJYdoL0bfXD8nmF+Zn/Iow==",
            "dev": true,
            "license": "MIT"
        },
        "node_modules/@tsconfig/node16": {
            "version": "1.0.4",
            "resolved": "https://registry.npmjs.org/@tsconfig/node16/-/node16-1.0.4.tgz",
            "integrity": "sha512-vxhUy4J8lyeyinH7Azl1pdd43GJhZH/tP2weN8TntQblOY+A0XbT8DJk1/oCPuOOyg/Ja757rG0CgHcWC8OfMA==",
            "dev": true,
            "license": "MIT"
        },
        "node_modules/@types/bn.js": {
            "version": "5.1.6",
            "resolved": "https://registry.npmjs.org/@types/bn.js/-/bn.js-5.1.6.tgz",
            "integrity": "sha512-Xh8vSwUeMKeYYrj3cX4lGQgFSF/N03r+tv4AiLl1SucqV+uTQpxRcnM8AkXKHwYP9ZPXOYXRr2KPXpVlIvqh9w==",
            "dev": true,
            "license": "MIT",
            "dependencies": {
                "@types/node": "*"
            }
        },
        "node_modules/@types/node": {
            "version": "22.9.0",
            "resolved": "https://registry.npmjs.org/@types/node/-/node-22.9.0.tgz",
            "integrity": "sha512-vuyHg81vvWA1Z1ELfvLko2c8f34gyA0zaic0+Rllc5lbCnbSyuvb2Oxpm6TAUAC/2xZN3QGqxBNggD1nNR2AfQ==",
            "dev": true,
            "license": "MIT",
            "dependencies": {
                "undici-types": "~6.19.8"
            }
        },
        "node_modules/acorn": {
            "version": "8.14.0",
            "resolved": "https://registry.npmjs.org/acorn/-/acorn-8.14.0.tgz",
            "integrity": "sha512-cl669nCJTZBsL97OF4kUQm5g5hC2uihk0NxY3WENAC0TYdILVkAyHymAntgxGkl7K+t0cXIrH5siy5S4XkFycA==",
            "dev": true,
            "license": "MIT",
            "bin": {
                "acorn": "bin/acorn"
            },
            "engines": {
                "node": ">=0.4.0"
            }
        },
        "node_modules/acorn-walk": {
            "version": "8.3.4",
            "resolved": "https://registry.npmjs.org/acorn-walk/-/acorn-walk-8.3.4.tgz",
            "integrity": "sha512-ueEepnujpqee2o5aIYnvHU6C0A42MNdsIDeqy5BydrkuC5R1ZuUFnm27EeFJGoEHJQgn3uleRvmTXaJgfXbt4g==",
            "dev": true,
            "license": "MIT",
            "dependencies": {
                "acorn": "^8.11.0"
            },
            "engines": {
                "node": ">=0.4.0"
            }
        },
        "node_modules/arg": {
            "version": "4.1.3",
            "resolved": "https://registry.npmjs.org/arg/-/arg-4.1.3.tgz",
            "integrity": "sha512-58S9QDqG0Xx27YwPSt9fJxivjYl432YCwfDMfZ+71RAqUrZef7LrKQZ3LHLOwCS4FLNBplP533Zx895SeOCHvA==",
            "dev": true,
            "license": "MIT"
        },
        "node_modules/chalk": {
            "version": "5.3.0",
            "resolved": "https://registry.npmjs.org/chalk/-/chalk-5.3.0.tgz",
            "integrity": "sha512-dLitG79d+GV1Nb/VYcCDFivJeK1hiukt9QjRNVOsUtTy1rR1YJsmpGGTZ3qJos+uw7WmWF4wUwBd9jxjocFC2w==",
            "license": "MIT",
            "engines": {
                "node": "^12.17.0 || ^14.13 || >=16.0.0"
            },
            "funding": {
                "url": "https://github.com/chalk/chalk?sponsor=1"
            }
        },
        "node_modules/commander": {
            "version": "12.1.0",
            "resolved": "https://registry.npmjs.org/commander/-/commander-12.1.0.tgz",
            "integrity": "sha512-Vw8qHK3bZM9y/P10u3Vib8o/DdkvA2OtPtZvD871QKjy74Wj1WSKFILMPRPSdUSx5RFK1arlJzEtA4PkFgnbuA==",
            "license": "MIT",
            "engines": {
                "node": ">=18"
            }
        },
        "node_modules/create-require": {
            "version": "1.1.1",
            "resolved": "https://registry.npmjs.org/create-require/-/create-require-1.1.1.tgz",
            "integrity": "sha512-dcKFX3jn0MpIaXjisoRvexIJVEKzaq7z2rZKxf+MSr9TkdmHmsU4m2lcLojrj/FHl8mk5VxMmYA+ftRkP/3oKQ==",
            "dev": true,
            "license": "MIT"
        },
        "node_modules/diff": {
            "version": "4.0.2",
            "resolved": "https://registry.npmjs.org/diff/-/diff-4.0.2.tgz",
            "integrity": "sha512-58lmxKSA4BNyLz+HHMUzlOEpg09FV+ev6ZMe3vJihgdxzgcwZ8VoEEPmALCZG9LmqfVoNMMKpttIYTVG6uDY7A==",
            "dev": true,
            "license": "BSD-3-Clause",
            "engines": {
                "node": ">=0.3.1"
            }
        },
        "node_modules/fastestsmallesttextencoderdecoder": {
            "version": "1.0.22",
            "resolved": "https://registry.npmjs.org/fastestsmallesttextencoderdecoder/-/fastestsmallesttextencoderdecoder-1.0.22.tgz",
            "integrity": "sha512-Pb8d48e+oIuY4MaM64Cd7OW1gt4nxCHs7/ddPPZ/Ic3sg8yVGM7O9wDvZ7us6ScaUupzM+pfBolwtYhN1IxBIw==",
            "license": "CC0-1.0",
            "peer": true
        },
        "node_modules/make-error": {
            "version": "1.3.6",
            "resolved": "https://registry.npmjs.org/make-error/-/make-error-1.3.6.tgz",
            "integrity": "sha512-s8UhlNe7vPKomQhC1qFelMokr/Sc3AgNbso3n74mVPA5LTZwkB9NlXf4XPamLxJE8h0gh73rM94xvwRT2CVInw==",
            "dev": true,
            "license": "ISC"
        },
        "node_modules/ts-node": {
            "version": "10.9.2",
            "resolved": "https://registry.npmjs.org/ts-node/-/ts-node-10.9.2.tgz",
            "integrity": "sha512-f0FFpIdcHgn8zcPSbf1dRevwt047YMnaiJM3u2w2RewrB+fob/zePZcrOyQoLMMO7aBIddLcQIEK5dYjkLnGrQ==",
            "dev": true,
            "license": "MIT",
            "dependencies": {
                "@cspotcode/source-map-support": "^0.8.0",
                "@tsconfig/node10": "^1.0.7",
                "@tsconfig/node12": "^1.0.7",
                "@tsconfig/node14": "^1.0.0",
                "@tsconfig/node16": "^1.0.2",
                "acorn": "^8.4.1",
                "acorn-walk": "^8.1.1",
                "arg": "^4.1.0",
                "create-require": "^1.1.0",
                "diff": "^4.0.1",
                "make-error": "^1.1.1",
                "v8-compile-cache-lib": "^3.0.1",
                "yn": "3.1.1"
            },
            "bin": {
                "ts-node": "dist/bin.js",
                "ts-node-cwd": "dist/bin-cwd.js",
                "ts-node-esm": "dist/bin-esm.js",
                "ts-node-script": "dist/bin-script.js",
                "ts-node-transpile-only": "dist/bin-transpile.js",
                "ts-script": "dist/bin-script-deprecated.js"
            },
            "peerDependencies": {
                "@swc/core": ">=1.2.50",
                "@swc/wasm": ">=1.2.50",
                "@types/node": "*",
                "typescript": ">=2.7"
            },
            "peerDependenciesMeta": {
                "@swc/core": {
                    "optional": true
                },
                "@swc/wasm": {
                    "optional": true
                }
            }
        },
        "node_modules/typescript": {
            "version": "5.6.3",
            "resolved": "https://registry.npmjs.org/typescript/-/typescript-5.6.3.tgz",
            "integrity": "sha512-hjcS1mhfuyi4WW8IWtjP7brDrG2cuDZukyrYrSauoXGNgx0S7zceP07adYkJycEr56BOUTNPzbInooiN3fn1qw==",
            "license": "Apache-2.0",
            "bin": {
                "tsc": "bin/tsc",
                "tsserver": "bin/tsserver"
            },
            "engines": {
                "node": ">=14.17"
            }
        },
        "node_modules/undici-types": {
            "version": "6.19.8",
            "resolved": "https://registry.npmjs.org/undici-types/-/undici-types-6.19.8.tgz",
            "integrity": "sha512-ve2KP6f/JnbPBFyobGHuerC9g1FYGn/F8n1LWTwNxCEzd6IfqTwUQcNXgEtmmQ6DlRrC1hrSrBnCZPokRrDHjw==",
            "dev": true,
            "license": "MIT"
        },
        "node_modules/v8-compile-cache-lib": {
            "version": "3.0.1",
            "resolved": "https://registry.npmjs.org/v8-compile-cache-lib/-/v8-compile-cache-lib-3.0.1.tgz",
            "integrity": "sha512-wa7YjyUGfNZngI/vtK0UHAN+lgDCxBPCylVXGp0zu59Fz5aiGtNXaq3DhIov063MorB+VfufLh3JlF2KdTK3xg==",
            "dev": true,
            "license": "MIT"
        },
        "node_modules/ws": {
            "version": "8.18.0",
            "resolved": "https://registry.npmjs.org/ws/-/ws-8.18.0.tgz",
            "integrity": "sha512-8VbfWfHLbbwu3+N6OKsOMpBdT4kXPDDB9cJk2bJ6mh9ucxdlnNvH1e+roYkKmN9Nxw2yjz7VzeO9oOz2zJ04Pw==",
            "license": "MIT",
            "peer": true,
            "engines": {
                "node": ">=10.0.0"
            },
            "peerDependencies": {
                "bufferutil": "^4.0.1",
                "utf-8-validate": ">=5.0.2"
            },
            "peerDependenciesMeta": {
                "bufferutil": {
                    "optional": true
                },
                "utf-8-validate": {
                    "optional": true
                }
            }
        },
        "node_modules/yn": {
            "version": "3.1.1",
            "resolved": "https://registry.npmjs.org/yn/-/yn-3.1.1.tgz",
            "integrity": "sha512-Ux4ygGWsu2c7isFWe8Yu1YluJmqVhxqK2cLXNQA5AcC3QfbGNpM7fu0Y8b/z16pXLnFxZYvWhd3fhBY9DLmC6Q==",
            "dev": true,
            "license": "MIT",
            "engines": {
                "node": ">=6"
            }
        }
    }
}
